
Microsoft Visual Studio Solution File, Format Version 12.00
# Visual Studio Version 17
VisualStudioVersion = 17.7.34003.232
MinimumVisualStudioVersion = 10.0.40219.1
Project("{FAE04EC0-301F-11D3-BF4B-00C04F79EFBC}") = "EqGraph", "EqGraph\EqGraph.csproj", "{BD1D91F3-F85E-49DF-A0D0-48CF5418A58C}"
EndProject
Global
	GlobalSection(SolutionConfigurationPlatforms) = preSolution
		Debug|Any CPU = Debug|Any CPU
		Release|Any CPU = Release|Any CPU
	EndGlobalSection
	GlobalSection(ProjectConfigurationPlatforms) = postSolution
		{BD1D91F3-F85E-49DF-A0D0-48CF5418A58C}.Debug|Any CPU.ActiveCfg = Debug|Any CPU
		{BD1D91F3-F85E-49DF-A0D0-48CF5418A58C}.Debug|Any CPU.Build.0 = Debug|Any CPU
		{BD1D91F3-F85E-49DF-A0D0-48CF5418A58C}.Release|Any CPU.ActiveCfg = Release|Any CPU
		{BD1D91F3-F85E-49DF-A0D0-48CF5418A58C}.Release|Any CPU.Build.0 = Release|Any CPU
	EndGlobalSection
	GlobalSection(SolutionProperties) = preSolution
		HideSolutionNode = FALSE
	EndGlobalSection
	GlobalSection(ExtensibilityGlobals) = postSolution
		SolutionGuid = {0AB2CE9E-E33A-41CA-BD3C-AADB0410758E}
	EndGlobalSection
EndGlobal
